// !$*UTF8*$!
{
	archiveVersion = 1;
	classes = {
	};
	objectVersion = 46;
	objects = {

/* Begin PBXBuildFile section */
		830531EF1BD51AEF00223917 /* __SSWidgetBackingStdSearchButton.m in Sources */ = {isa = PBXBuildFile; fileRef = 830531EE1BD51AEF00223917 /* __SSWidgetBackingStdSearchButton.m */; settings = {ASSET_TAGS = (); }; };
		832718FE1BC1279100C28426 /* AppDelegate.m in Sources */ = {isa = PBXBuildFile; fileRef = 832718FD1BC1279100C28426 /* AppDelegate.m */; };
		832719011BC1279100C28426 /* main.m in Sources */ = {isa = PBXBuildFile; fileRef = 832719001BC1279100C28426 /* main.m */; };
		832719031BC1279100C28426 /* Assets.xcassets in Resources */ = {isa = PBXBuildFile; fileRef = 832719021BC1279100C28426 /* Assets.xcassets */; };
		832719061BC1279100C28426 /* MainMenu.xib in Resources */ = {isa = PBXBuildFile; fileRef = 832719041BC1279100C28426 /* MainMenu.xib */; };
		832719111BC1279100C28426 /* PlaygroundTests.m in Sources */ = {isa = PBXBuildFile; fileRef = 832719101BC1279100C28426 /* PlaygroundTests.m */; };
		8327191C1BC1279100C28426 /* PlaygroundUITests.m in Sources */ = {isa = PBXBuildFile; fileRef = 8327191B1BC1279100C28426 /* PlaygroundUITests.m */; };
		832CBAFF1BD6675400693DC1 /* __SSWidgetBackingStdReloadButton.m in Sources */ = {isa = PBXBuildFile; fileRef = 832CBAFE1BD6675400693DC1 /* __SSWidgetBackingStdReloadButton.m */; settings = {ASSET_TAGS = (); }; };
		838A9BDB1BD80DCE008E1B12 /* search-stuff-add-highlighted.png in Resources */ = {isa = PBXBuildFile; fileRef = 838A9BD31BD80DCE008E1B12 /* search-stuff-add-highlighted.png */; settings = {ASSET_TAGS = (); }; };
		838A9BDC1BD80DCE008E1B12 /* search-stuff-add-highlighted@2x.png in Resources */ = {isa = PBXBuildFile; fileRef = 838A9BD41BD80DCE008E1B12 /* search-stuff-add-highlighted@2x.png */; settings = {ASSET_TAGS = (); }; };
		838A9BDD1BD80DCE008E1B12 /* search-stuff-add.png in Resources */ = {isa = PBXBuildFile; fileRef = 838A9BD51BD80DCE008E1B12 /* search-stuff-add.png */; settings = {ASSET_TAGS = (); }; };
		838A9BDE1BD80DCE008E1B12 /* search-stuff-add@2x.png in Resources */ = {isa = PBXBuildFile; fileRef = 838A9BD61BD80DCE008E1B12 /* search-stuff-add@2x.png */; settings = {ASSET_TAGS = (); }; };
		838A9BDF1BD80DCE008E1B12 /* search-stuff-remove-highlighted.png in Resources */ = {isa = PBXBuildFile; fileRef = 838A9BD71BD80DCE008E1B12 /* search-stuff-remove-highlighted.png */; settings = {ASSET_TAGS = (); }; };
		838A9BE01BD80DCE008E1B12 /* search-stuff-remove-highlighted@2x.png in Resources */ = {isa = PBXBuildFile; fileRef = 838A9BD81BD80DCE008E1B12 /* search-stuff-remove-highlighted@2x.png */; settings = {ASSET_TAGS = (); }; };
		838A9BE11BD80DCE008E1B12 /* search-stuff-remove.png in Resources */ = {isa = PBXBuildFile; fileRef = 838A9BD91BD80DCE008E1B12 /* search-stuff-remove.png */; settings = {ASSET_TAGS = (); }; };
		838A9BE21BD80DCE008E1B12 /* search-stuff-remove@2x.png in Resources */ = {isa = PBXBuildFile; fileRef = 838A9BDA1BD80DCE008E1B12 /* search-stuff-remove@2x.png */; settings = {ASSET_TAGS = (); }; };
		838BC7FA1BDC9AC2009C2DA5 /* QuartzCore.framework in Frameworks */ = {isa = PBXBuildFile; fileRef = 838BC7F91BDC9AC2009C2DA5 /* QuartzCore.framework */; };
		83B621C51BD82637005FA2DE /* __SSFixedWidgetsPallet.m in Sources */ = {isa = PBXBuildFile; fileRef = 83B621C41BD82637005FA2DE /* __SSFixedWidgetsPallet.m */; settings = {ASSET_TAGS = (); }; };
		83F47F901BCEA3290086F42D /* __SSWidgetBackingButton.m in Sources */ = {isa = PBXBuildFile; fileRef = 83F47F781BCEA3280086F42D /* __SSWidgetBackingButton.m */; settings = {ASSET_TAGS = (); }; };
		83F47F911BCEA3290086F42D /* __SSWidgetBackingButtonCell.m in Sources */ = {isa = PBXBuildFile; fileRef = 83F47F7A1BCEA3280086F42D /* __SSWidgetBackingButtonCell.m */; settings = {ASSET_TAGS = (); }; };
		83F47F921BCEA3290086F42D /* __SSBackingCell.m in Sources */ = {isa = PBXBuildFile; fileRef = 83F47F7C1BCEA3280086F42D /* __SSBackingCell.m */; settings = {ASSET_TAGS = (); }; };
		83F47F931BCEA3290086F42D /* __SSInputField.m in Sources */ = {isa = PBXBuildFile; fileRef = 83F47F7E1BCEA3280086F42D /* __SSInputField.m */; settings = {ASSET_TAGS = (); }; };
		83F47F941BCEA3290086F42D /* __SSInputFieldCell.m in Sources */ = {isa = PBXBuildFile; fileRef = 83F47F801BCEA3280086F42D /* __SSInputFieldCell.m */; settings = {ASSET_TAGS = (); }; };
		83F47F961BCEA3290086F42D /* SearchStuffToolbarItem.m in Sources */ = {isa = PBXBuildFile; fileRef = 83F47F851BCEA3280086F42D /* SearchStuffToolbarItem.m */; settings = {ASSET_TAGS = (); }; };
		83F47F971BCEA3290086F42D /* SearchStuffWidget.m in Sources */ = {isa = PBXBuildFile; fileRef = 83F47F871BCEA3280086F42D /* SearchStuffWidget.m */; settings = {ASSET_TAGS = (); }; };
		83F47FD21BCFD8120086F42D /* __SSBar.m in Sources */ = {isa = PBXBuildFile; fileRef = 83F47FD01BCFD8120086F42D /* __SSBar.m */; settings = {ASSET_TAGS = (); }; };
		83F47FDC1BCFD8350086F42D /* search-stuff-reload-highlighted.png in Resources */ = {isa = PBXBuildFile; fileRef = 83F47FD41BCFD8350086F42D /* search-stuff-reload-highlighted.png */; settings = {ASSET_TAGS = (); }; };
		83F47FDD1BCFD8350086F42D /* search-stuff-reload-highlighted@2x.png in Resources */ = {isa = PBXBuildFile; fileRef = 83F47FD51BCFD8350086F42D /* search-stuff-reload-highlighted@2x.png */; settings = {ASSET_TAGS = (); }; };
		83F47FDE1BCFD8350086F42D /* search-stuff-reload.png in Resources */ = {isa = PBXBuildFile; fileRef = 83F47FD61BCFD8350086F42D /* search-stuff-reload.png */; settings = {ASSET_TAGS = (); }; };
		83F47FDF1BCFD8350086F42D /* search-stuff-reload@2x.png in Resources */ = {isa = PBXBuildFile; fileRef = 83F47FD71BCFD8350086F42D /* search-stuff-reload@2x.png */; settings = {ASSET_TAGS = (); }; };
		83F47FE01BCFD8350086F42D /* search-stuff-search-highlighted.png in Resources */ = {isa = PBXBuildFile; fileRef = 83F47FD81BCFD8350086F42D /* search-stuff-search-highlighted.png */; settings = {ASSET_TAGS = (); }; };
		83F47FE11BCFD8350086F42D /* search-stuff-search-highlighted@2x.png in Resources */ = {isa = PBXBuildFile; fileRef = 83F47FD91BCFD8350086F42D /* search-stuff-search-highlighted@2x.png */; settings = {ASSET_TAGS = (); }; };
		83F47FE21BCFD8350086F42D /* search-stuff-search.png in Resources */ = {isa = PBXBuildFile; fileRef = 83F47FDA1BCFD8350086F42D /* search-stuff-search.png */; settings = {ASSET_TAGS = (); }; };
		83F47FE31BCFD8350086F42D /* search-stuff-search@2x.png in Resources */ = {isa = PBXBuildFile; fileRef = 83F47FDB1BCFD8350086F42D /* search-stuff-search@2x.png */; settings = {ASSET_TAGS = (); }; };
		83FD30421BD7A561001B5B02 /* __SSWidgetUser.m in Sources */ = {isa = PBXBuildFile; fileRef = 83FD30411BD7A561001B5B02 /* __SSWidgetUser.m */; settings = {ASSET_TAGS = (); }; };
		83FF7E931BE03E4200A505F5 /* search-stuff-greenlock-highlighted.png in Resources */ = {isa = PBXBuildFile; fileRef = 83FF7E8F1BE03E4200A505F5 /* search-stuff-greenlock-highlighted.png */; settings = {ASSET_TAGS = (); }; };
		83FF7E941BE03E4200A505F5 /* search-stuff-greenlock-highlighted@2x.png in Resources */ = {isa = PBXBuildFile; fileRef = 83FF7E901BE03E4200A505F5 /* search-stuff-greenlock-highlighted@2x.png */; settings = {ASSET_TAGS = (); }; };
		83FF7E951BE03E4200A505F5 /* search-stuff-greenlock.png in Resources */ = {isa = PBXBuildFile; fileRef = 83FF7E911BE03E4200A505F5 /* search-stuff-greenlock.png */; settings = {ASSET_TAGS = (); }; };
		83FF7E961BE03E4200A505F5 /* search-stuff-greenlock@2x.png in Resources */ = {isa = PBXBuildFile; fileRef = 83FF7E921BE03E4200A505F5 /* search-stuff-greenlock@2x.png */; settings = {ASSET_TAGS = (); }; };
		83FF7E991BE03F5500A505F5 /* __SSWidgetStdGreenLock.m in Sources */ = {isa = PBXBuildFile; fileRef = 83FF7E981BE03F5500A505F5 /* __SSWidgetStdGreenLock.m */; settings = {ASSET_TAGS = (); }; };
		83FF7E9C1BE0596100A505F5 /* __SSWidgetsPallet.m in Sources */ = {isa = PBXBuildFile; fileRef = 83FF7E9B1BE0596100A505F5 /* __SSWidgetsPallet.m */; settings = {ASSET_TAGS = (); }; };
		83FF7E9F1BE06B2E00A505F5 /* __SSAutoSizeWidgetsPallet.m in Sources */ = {isa = PBXBuildFile; fileRef = 83FF7E9E1BE06B2E00A505F5 /* __SSAutoSizeWidgetsPallet.m */; settings = {ASSET_TAGS = (); }; };
		83FF7EA21BE0C10800A505F5 /* __SSWidgetStdGrayLock.m in Sources */ = {isa = PBXBuildFile; fileRef = 83FF7EA11BE0C10800A505F5 /* __SSWidgetStdGrayLock.m */; settings = {ASSET_TAGS = (); }; };
		83FF7EA71BE0C44300A505F5 /* search-stuff-graylock-highlighted.png in Resources */ = {isa = PBXBuildFile; fileRef = 83FF7EA31BE0C44300A505F5 /* search-stuff-graylock-highlighted.png */; settings = {ASSET_TAGS = (); }; };
		83FF7EA81BE0C44300A505F5 /* search-stuff-graylock-highlighted@2x.png in Resources */ = {isa = PBXBuildFile; fileRef = 83FF7EA41BE0C44300A505F5 /* search-stuff-graylock-highlighted@2x.png */; settings = {ASSET_TAGS = (); }; };
		83FF7EA91BE0C44300A505F5 /* search-stuff-graylock.png in Resources */ = {isa = PBXBuildFile; fileRef = 83FF7EA51BE0C44300A505F5 /* search-stuff-graylock.png */; settings = {ASSET_TAGS = (); }; };
		83FF7EAA1BE0C44300A505F5 /* search-stuff-graylock@2x.png in Resources */ = {isa = PBXBuildFile; fileRef = 83FF7EA61BE0C44300A505F5 /* search-stuff-graylock@2x.png */; settings = {ASSET_TAGS = (); }; };
/* End PBXBuildFile section */

/* Begin PBXContainerItemProxy section */
		8327190D1BC1279100C28426 /* PBXContainerItemProxy */ = {
			isa = PBXContainerItemProxy;
			containerPortal = 832718F11BC1279100C28426 /* Project object */;
			proxyType = 1;
			remoteGlobalIDString = 832718F81BC1279100C28426;
			remoteInfo = Playground;
		};
		832719181BC1279100C28426 /* PBXContainerItemProxy */ = {
			isa = PBXContainerItemProxy;
			containerPortal = 832718F11BC1279100C28426 /* Project object */;
			proxyType = 1;
			remoteGlobalIDString = 832718F81BC1279100C28426;
			remoteInfo = Playground;
		};
/* End PBXContainerItemProxy section */

/* Begin PBXFileReference section */
		830531ED1BD51AEF00223917 /* __SSWidgetBackingStdSearchButton.h */ = {isa = PBXFileReference; fileEncoding = 4; lastKnownFileType = sourcecode.c.h; path = __SSWidgetBackingStdSearchButton.h; sourceTree = "<group>"; };
		830531EE1BD51AEF00223917 /* __SSWidgetBackingStdSearchButton.m */ = {isa = PBXFileReference; fileEncoding = 4; lastKnownFileType = sourcecode.c.objc; path = __SSWidgetBackingStdSearchButton.m; sourceTree = "<group>"; };
		832718F91BC1279100C28426 /* Playground.app */ = {isa = PBXFileReference; explicitFileType = wrapper.application; includeInIndex = 0; path = Playground.app; sourceTree = BUILT_PRODUCTS_DIR; };
		832718FC1BC1279100C28426 /* AppDelegate.h */ = {isa = PBXFileReference; lastKnownFileType = sourcecode.c.h; path = AppDelegate.h; sourceTree = "<group>"; };
		832718FD1BC1279100C28426 /* AppDelegate.m */ = {isa = PBXFileReference; lastKnownFileType = sourcecode.c.objc; path = AppDelegate.m; sourceTree = "<group>"; };
		832719001BC1279100C28426 /* main.m */ = {isa = PBXFileReference; lastKnownFileType = sourcecode.c.objc; path = main.m; sourceTree = "<group>"; };
		832719021BC1279100C28426 /* Assets.xcassets */ = {isa = PBXFileReference; lastKnownFileType = folder.assetcatalog; path = Assets.xcassets; sourceTree = "<group>"; };
		832719051BC1279100C28426 /* Base */ = {isa = PBXFileReference; lastKnownFileType = file.xib; name = Base; path = Base.lproj/MainMenu.xib; sourceTree = "<group>"; };
		832719071BC1279100C28426 /* Info.plist */ = {isa = PBXFileReference; lastKnownFileType = text.plist.xml; path = Info.plist; sourceTree = "<group>"; };
		8327190C1BC1279100C28426 /* PlaygroundTests.xctest */ = {isa = PBXFileReference; explicitFileType = wrapper.cfbundle; includeInIndex = 0; path = PlaygroundTests.xctest; sourceTree = BUILT_PRODUCTS_DIR; };
		832719101BC1279100C28426 /* PlaygroundTests.m */ = {isa = PBXFileReference; lastKnownFileType = sourcecode.c.objc; path = PlaygroundTests.m; sourceTree = "<group>"; };
		832719121BC1279100C28426 /* Info.plist */ = {isa = PBXFileReference; lastKnownFileType = text.plist.xml; path = Info.plist; sourceTree = "<group>"; };
		832719171BC1279100C28426 /* PlaygroundUITests.xctest */ = {isa = PBXFileReference; explicitFileType = wrapper.cfbundle; includeInIndex = 0; path = PlaygroundUITests.xctest; sourceTree = BUILT_PRODUCTS_DIR; };
		8327191B1BC1279100C28426 /* PlaygroundUITests.m */ = {isa = PBXFileReference; lastKnownFileType = sourcecode.c.objc; path = PlaygroundUITests.m; sourceTree = "<group>"; };
		8327191D1BC1279100C28426 /* Info.plist */ = {isa = PBXFileReference; lastKnownFileType = text.plist.xml; path = Info.plist; sourceTree = "<group>"; };
		832CBAFD1BD6675400693DC1 /* __SSWidgetBackingStdReloadButton.h */ = {isa = PBXFileReference; fileEncoding = 4; lastKnownFileType = sourcecode.c.h; path = __SSWidgetBackingStdReloadButton.h; sourceTree = "<group>"; };
		832CBAFE1BD6675400693DC1 /* __SSWidgetBackingStdReloadButton.m */ = {isa = PBXFileReference; fileEncoding = 4; lastKnownFileType = sourcecode.c.objc; path = __SSWidgetBackingStdReloadButton.m; sourceTree = "<group>"; };
		832CBB071BD691E400693DC1 /* SearchStuffWidget+__SSPrivate.h */ = {isa = PBXFileReference; fileEncoding = 4; lastKnownFileType = sourcecode.c.h; path = "SearchStuffWidget+__SSPrivate.h"; sourceTree = "<group>"; };
		838A9BCA1BD7AB42008E1B12 /* __SSWidgetBackingButton+__SSPrivate.h */ = {isa = PBXFileReference; fileEncoding = 4; lastKnownFileType = sourcecode.c.h; path = "__SSWidgetBackingButton+__SSPrivate.h"; sourceTree = "<group>"; };
		838A9BD31BD80DCE008E1B12 /* search-stuff-add-highlighted.png */ = {isa = PBXFileReference; lastKnownFileType = image.png; path = "search-stuff-add-highlighted.png"; sourceTree = "<group>"; };
		838A9BD41BD80DCE008E1B12 /* search-stuff-add-highlighted@2x.png */ = {isa = PBXFileReference; lastKnownFileType = image.png; path = "search-stuff-add-highlighted@2x.png"; sourceTree = "<group>"; };
		838A9BD51BD80DCE008E1B12 /* search-stuff-add.png */ = {isa = PBXFileReference; lastKnownFileType = image.png; path = "search-stuff-add.png"; sourceTree = "<group>"; };
		838A9BD61BD80DCE008E1B12 /* search-stuff-add@2x.png */ = {isa = PBXFileReference; lastKnownFileType = image.png; path = "search-stuff-add@2x.png"; sourceTree = "<group>"; };
		838A9BD71BD80DCE008E1B12 /* search-stuff-remove-highlighted.png */ = {isa = PBXFileReference; lastKnownFileType = image.png; path = "search-stuff-remove-highlighted.png"; sourceTree = "<group>"; };
		838A9BD81BD80DCE008E1B12 /* search-stuff-remove-highlighted@2x.png */ = {isa = PBXFileReference; lastKnownFileType = image.png; path = "search-stuff-remove-highlighted@2x.png"; sourceTree = "<group>"; };
		838A9BD91BD80DCE008E1B12 /* search-stuff-remove.png */ = {isa = PBXFileReference; lastKnownFileType = image.png; path = "search-stuff-remove.png"; sourceTree = "<group>"; };
		838A9BDA1BD80DCE008E1B12 /* search-stuff-remove@2x.png */ = {isa = PBXFileReference; lastKnownFileType = image.png; path = "search-stuff-remove@2x.png"; sourceTree = "<group>"; };
		838BC7F91BDC9AC2009C2DA5 /* QuartzCore.framework */ = {isa = PBXFileReference; lastKnownFileType = wrapper.framework; name = QuartzCore.framework; path = System/Library/Frameworks/QuartzCore.framework; sourceTree = SDKROOT; };
		83B621C31BD82637005FA2DE /* __SSFixedWidgetsPallet.h */ = {isa = PBXFileReference; fileEncoding = 4; lastKnownFileType = sourcecode.c.h; path = __SSFixedWidgetsPallet.h; sourceTree = "<group>"; };
		83B621C41BD82637005FA2DE /* __SSFixedWidgetsPallet.m */ = {isa = PBXFileReference; fileEncoding = 4; lastKnownFileType = sourcecode.c.objc; path = __SSFixedWidgetsPallet.m; sourceTree = "<group>"; };
		83BE312E1BDB03F10099BAF2 /* __SSConstants.h */ = {isa = PBXFileReference; fileEncoding = 4; lastKnownFileType = sourcecode.c.h; path = __SSConstants.h; sourceTree = "<group>"; };
		83F47F771BCEA3280086F42D /* __SSWidgetBackingButton.h */ = {isa = PBXFileReference; fileEncoding = 4; lastKnownFileType = sourcecode.c.h; path = __SSWidgetBackingButton.h; sourceTree = "<group>"; };
		83F47F781BCEA3280086F42D /* __SSWidgetBackingButton.m */ = {isa = PBXFileReference; fileEncoding = 4; lastKnownFileType = sourcecode.c.objc; path = __SSWidgetBackingButton.m; sourceTree = "<group>"; };
		83F47F791BCEA3280086F42D /* __SSWidgetBackingButtonCell.h */ = {isa = PBXFileReference; fileEncoding = 4; lastKnownFileType = sourcecode.c.h; path = __SSWidgetBackingButtonCell.h; sourceTree = "<group>"; };
		83F47F7A1BCEA3280086F42D /* __SSWidgetBackingButtonCell.m */ = {isa = PBXFileReference; fileEncoding = 4; lastKnownFileType = sourcecode.c.objc; path = __SSWidgetBackingButtonCell.m; sourceTree = "<group>"; };
		83F47F7B1BCEA3280086F42D /* __SSBackingCell.h */ = {isa = PBXFileReference; fileEncoding = 4; lastKnownFileType = sourcecode.c.h; path = __SSBackingCell.h; sourceTree = "<group>"; };
		83F47F7C1BCEA3280086F42D /* __SSBackingCell.m */ = {isa = PBXFileReference; fileEncoding = 4; lastKnownFileType = sourcecode.c.objc; path = __SSBackingCell.m; sourceTree = "<group>"; };
		83F47F7D1BCEA3280086F42D /* __SSInputField.h */ = {isa = PBXFileReference; fileEncoding = 4; lastKnownFileType = sourcecode.c.h; path = __SSInputField.h; sourceTree = "<group>"; };
		83F47F7E1BCEA3280086F42D /* __SSInputField.m */ = {isa = PBXFileReference; fileEncoding = 4; lastKnownFileType = sourcecode.c.objc; path = __SSInputField.m; sourceTree = "<group>"; };
		83F47F7F1BCEA3280086F42D /* __SSInputFieldCell.h */ = {isa = PBXFileReference; fileEncoding = 4; lastKnownFileType = sourcecode.c.h; path = __SSInputFieldCell.h; sourceTree = "<group>"; };
		83F47F801BCEA3280086F42D /* __SSInputFieldCell.m */ = {isa = PBXFileReference; fileEncoding = 4; lastKnownFileType = sourcecode.c.objc; path = __SSInputFieldCell.m; sourceTree = "<group>"; };
		83F47F811BCEA3280086F42D /* SearchStuff.h */ = {isa = PBXFileReference; fileEncoding = 4; lastKnownFileType = sourcecode.c.h; path = SearchStuff.h; sourceTree = "<group>"; };
		83F47F841BCEA3280086F42D /* SearchStuffToolbarItem.h */ = {isa = PBXFileReference; fileEncoding = 4; lastKnownFileType = sourcecode.c.h; path = SearchStuffToolbarItem.h; sourceTree = "<group>"; };
		83F47F851BCEA3280086F42D /* SearchStuffToolbarItem.m */ = {isa = PBXFileReference; fileEncoding = 4; lastKnownFileType = sourcecode.c.objc; path = SearchStuffToolbarItem.m; sourceTree = "<group>"; };
		83F47F861BCEA3280086F42D /* SearchStuffWidget.h */ = {isa = PBXFileReference; fileEncoding = 4; lastKnownFileType = sourcecode.c.h; path = SearchStuffWidget.h; sourceTree = "<group>"; };
		83F47F871BCEA3280086F42D /* SearchStuffWidget.m */ = {isa = PBXFileReference; fileEncoding = 4; lastKnownFileType = sourcecode.c.objc; path = SearchStuffWidget.m; sourceTree = "<group>"; };
		83F47FD01BCFD8120086F42D /* __SSBar.m */ = {isa = PBXFileReference; fileEncoding = 4; lastKnownFileType = sourcecode.c.objc; path = __SSBar.m; sourceTree = "<group>"; };
		83F47FD11BCFD8120086F42D /* __SSBar.h */ = {isa = PBXFileReference; fileEncoding = 4; lastKnownFileType = sourcecode.c.h; path = __SSBar.h; sourceTree = "<group>"; };
		83F47FD41BCFD8350086F42D /* search-stuff-reload-highlighted.png */ = {isa = PBXFileReference; lastKnownFileType = image.png; path = "search-stuff-reload-highlighted.png"; sourceTree = "<group>"; };
		83F47FD51BCFD8350086F42D /* search-stuff-reload-highlighted@2x.png */ = {isa = PBXFileReference; lastKnownFileType = image.png; path = "search-stuff-reload-highlighted@2x.png"; sourceTree = "<group>"; };
		83F47FD61BCFD8350086F42D /* search-stuff-reload.png */ = {isa = PBXFileReference; lastKnownFileType = image.png; path = "search-stuff-reload.png"; sourceTree = "<group>"; };
		83F47FD71BCFD8350086F42D /* search-stuff-reload@2x.png */ = {isa = PBXFileReference; lastKnownFileType = image.png; path = "search-stuff-reload@2x.png"; sourceTree = "<group>"; };
		83F47FD81BCFD8350086F42D /* search-stuff-search-highlighted.png */ = {isa = PBXFileReference; lastKnownFileType = image.png; path = "search-stuff-search-highlighted.png"; sourceTree = "<group>"; };
		83F47FD91BCFD8350086F42D /* search-stuff-search-highlighted@2x.png */ = {isa = PBXFileReference; lastKnownFileType = image.png; path = "search-stuff-search-highlighted@2x.png"; sourceTree = "<group>"; };
		83F47FDA1BCFD8350086F42D /* search-stuff-search.png */ = {isa = PBXFileReference; lastKnownFileType = image.png; path = "search-stuff-search.png"; sourceTree = "<group>"; };
		83F47FDB1BCFD8350086F42D /* search-stuff-search@2x.png */ = {isa = PBXFileReference; lastKnownFileType = image.png; path = "search-stuff-search@2x.png"; sourceTree = "<group>"; };
		83FD30401BD7A561001B5B02 /* __SSWidgetUser.h */ = {isa = PBXFileReference; fileEncoding = 4; lastKnownFileType = sourcecode.c.h; path = __SSWidgetUser.h; sourceTree = "<group>"; };
		83FD30411BD7A561001B5B02 /* __SSWidgetUser.m */ = {isa = PBXFileReference; fileEncoding = 4; lastKnownFileType = sourcecode.c.objc; path = __SSWidgetUser.m; sourceTree = "<group>"; };
		83FF7E8F1BE03E4200A505F5 /* search-stuff-greenlock-highlighted.png */ = {isa = PBXFileReference; lastKnownFileType = image.png; path = "search-stuff-greenlock-highlighted.png"; sourceTree = "<group>"; };
		83FF7E901BE03E4200A505F5 /* search-stuff-greenlock-highlighted@2x.png */ = {isa = PBXFileReference; lastKnownFileType = image.png; path = "search-stuff-greenlock-highlighted@2x.png"; sourceTree = "<group>"; };
		83FF7E911BE03E4200A505F5 /* search-stuff-greenlock.png */ = {isa = PBXFileReference; lastKnownFileType = image.png; path = "search-stuff-greenlock.png"; sourceTree = "<group>"; };
		83FF7E921BE03E4200A505F5 /* search-stuff-greenlock@2x.png */ = {isa = PBXFileReference; lastKnownFileType = image.png; path = "search-stuff-greenlock@2x.png"; sourceTree = "<group>"; };
		83FF7E971BE03F5500A505F5 /* __SSWidgetStdGreenLock.h */ = {isa = PBXFileReference; fileEncoding = 4; lastKnownFileType = sourcecode.c.h; path = __SSWidgetStdGreenLock.h; sourceTree = "<group>"; };
		83FF7E981BE03F5500A505F5 /* __SSWidgetStdGreenLock.m */ = {isa = PBXFileReference; fileEncoding = 4; lastKnownFileType = sourcecode.c.objc; path = __SSWidgetStdGreenLock.m; sourceTree = "<group>"; };
		83FF7E9A1BE0596100A505F5 /* __SSWidgetsPallet.h */ = {isa = PBXFileReference; fileEncoding = 4; lastKnownFileType = sourcecode.c.h; path = __SSWidgetsPallet.h; sourceTree = "<group>"; };
		83FF7E9B1BE0596100A505F5 /* __SSWidgetsPallet.m */ = {isa = PBXFileReference; fileEncoding = 4; lastKnownFileType = sourcecode.c.objc; path = __SSWidgetsPallet.m; sourceTree = "<group>"; };
		83FF7E9D1BE06B2E00A505F5 /* __SSAutoSizeWidgetsPallet.h */ = {isa = PBXFileReference; fileEncoding = 4; lastKnownFileType = sourcecode.c.h; path = __SSAutoSizeWidgetsPallet.h; sourceTree = "<group>"; };
		83FF7E9E1BE06B2E00A505F5 /* __SSAutoSizeWidgetsPallet.m */ = {isa = PBXFileReference; fileEncoding = 4; lastKnownFileType = sourcecode.c.objc; path = __SSAutoSizeWidgetsPallet.m; sourceTree = "<group>"; };
		83FF7EA01BE0C10800A505F5 /* __SSWidgetStdGrayLock.h */ = {isa = PBXFileReference; fileEncoding = 4; lastKnownFileType = sourcecode.c.h; path = __SSWidgetStdGrayLock.h; sourceTree = "<group>"; };
		83FF7EA11BE0C10800A505F5 /* __SSWidgetStdGrayLock.m */ = {isa = PBXFileReference; fileEncoding = 4; lastKnownFileType = sourcecode.c.objc; path = __SSWidgetStdGrayLock.m; sourceTree = "<group>"; };
		83FF7EA31BE0C44300A505F5 /* search-stuff-graylock-highlighted.png */ = {isa = PBXFileReference; lastKnownFileType = image.png; path = "search-stuff-graylock-highlighted.png"; sourceTree = "<group>"; };
		83FF7EA41BE0C44300A505F5 /* search-stuff-graylock-highlighted@2x.png */ = {isa = PBXFileReference; lastKnownFileType = image.png; path = "search-stuff-graylock-highlighted@2x.png"; sourceTree = "<group>"; };
		83FF7EA51BE0C44300A505F5 /* search-stuff-graylock.png */ = {isa = PBXFileReference; lastKnownFileType = image.png; path = "search-stuff-graylock.png"; sourceTree = "<group>"; };
		83FF7EA61BE0C44300A505F5 /* search-stuff-graylock@2x.png */ = {isa = PBXFileReference; lastKnownFileType = image.png; path = "search-stuff-graylock@2x.png"; sourceTree = "<group>"; };
/* End PBXFileReference section */

/* Begin PBXFrameworksBuildPhase section */
		832718F61BC1279100C28426 /* Frameworks */ = {
			isa = PBXFrameworksBuildPhase;
			buildActionMask = 2147483647;
			files = (
				838BC7FA1BDC9AC2009C2DA5 /* QuartzCore.framework in Frameworks */,
			);
			runOnlyForDeploymentPostprocessing = 0;
		};
		832719091BC1279100C28426 /* Frameworks */ = {
			isa = PBXFrameworksBuildPhase;
			buildActionMask = 2147483647;
			files = (
			);
			runOnlyForDeploymentPostprocessing = 0;
		};
		832719141BC1279100C28426 /* Frameworks */ = {
			isa = PBXFrameworksBuildPhase;
			buildActionMask = 2147483647;
			files = (
			);
			runOnlyForDeploymentPostprocessing = 0;
		};
/* End PBXFrameworksBuildPhase section */

/* Begin PBXGroup section */
		832718F01BC1279100C28426 = {
			isa = PBXGroup;
			children = (
				838BC7F91BDC9AC2009C2DA5 /* QuartzCore.framework */,
				83F47F6C1BCEA3280086F42D /* SearchStuff */,
				832718FB1BC1279100C28426 /* Playground */,
				8327190F1BC1279100C28426 /* PlaygroundTests */,
				8327191A1BC1279100C28426 /* PlaygroundUITests */,
				832718FA1BC1279100C28426 /* Products */,
			);
			sourceTree = "<group>";
		};
		832718FA1BC1279100C28426 /* Products */ = {
			isa = PBXGroup;
			children = (
				832718F91BC1279100C28426 /* Playground.app */,
				8327190C1BC1279100C28426 /* PlaygroundTests.xctest */,
				832719171BC1279100C28426 /* PlaygroundUITests.xctest */,
			);
			name = Products;
			sourceTree = "<group>";
		};
		832718FB1BC1279100C28426 /* Playground */ = {
			isa = PBXGroup;
			children = (
				832718FC1BC1279100C28426 /* AppDelegate.h */,
				832718FD1BC1279100C28426 /* AppDelegate.m */,
				832719021BC1279100C28426 /* Assets.xcassets */,
				832719041BC1279100C28426 /* MainMenu.xib */,
				832719071BC1279100C28426 /* Info.plist */,
				832718FF1BC1279100C28426 /* Supporting Files */,
			);
			path = Playground;
			sourceTree = "<group>";
		};
		832718FF1BC1279100C28426 /* Supporting Files */ = {
			isa = PBXGroup;
			children = (
				832719001BC1279100C28426 /* main.m */,
			);
			name = "Supporting Files";
			sourceTree = "<group>";
		};
		8327190F1BC1279100C28426 /* PlaygroundTests */ = {
			isa = PBXGroup;
			children = (
				832719101BC1279100C28426 /* PlaygroundTests.m */,
				832719121BC1279100C28426 /* Info.plist */,
			);
			path = PlaygroundTests;
			sourceTree = "<group>";
		};
		8327191A1BC1279100C28426 /* PlaygroundUITests */ = {
			isa = PBXGroup;
			children = (
				8327191B1BC1279100C28426 /* PlaygroundUITests.m */,
				8327191D1BC1279100C28426 /* Info.plist */,
			);
			path = PlaygroundUITests;
			sourceTree = "<group>";
		};
		832CBB061BD691C000693DC1 /* extensions */ = {
			isa = PBXGroup;
			children = (
				832CBB071BD691E400693DC1 /* SearchStuffWidget+__SSPrivate.h */,
				838A9BCA1BD7AB42008E1B12 /* __SSWidgetBackingButton+__SSPrivate.h */,
			);
			name = extensions;
			sourceTree = "<group>";
		};
		83F47F6C1BCEA3280086F42D /* SearchStuff */ = {
			isa = PBXGroup;
			children = (
				83F47F761BCEA3280086F42D /* internal */,
				83F47F811BCEA3280086F42D /* SearchStuff.h */,
				83F47F841BCEA3280086F42D /* SearchStuffToolbarItem.h */,
				83F47F851BCEA3280086F42D /* SearchStuffToolbarItem.m */,
				83F47F861BCEA3280086F42D /* SearchStuffWidget.h */,
				83F47F871BCEA3280086F42D /* SearchStuffWidget.m */,
			);
			name = SearchStuff;
			path = ../SearchStuff;
			sourceTree = "<group>";
		};
		83F47F761BCEA3280086F42D /* internal */ = {
			isa = PBXGroup;
			children = (
				832CBB061BD691C000693DC1 /* extensions */,
				83F47FD31BCFD8350086F42D /* artwork */,
				83BE312E1BDB03F10099BAF2 /* __SSConstants.h */,
				83F47F771BCEA3280086F42D /* __SSWidgetBackingButton.h */,
				83F47F781BCEA3280086F42D /* __SSWidgetBackingButton.m */,
				830531ED1BD51AEF00223917 /* __SSWidgetBackingStdSearchButton.h */,
				830531EE1BD51AEF00223917 /* __SSWidgetBackingStdSearchButton.m */,
				832CBAFD1BD6675400693DC1 /* __SSWidgetBackingStdReloadButton.h */,
				832CBAFE1BD6675400693DC1 /* __SSWidgetBackingStdReloadButton.m */,
				83FF7E971BE03F5500A505F5 /* __SSWidgetStdGreenLock.h */,
				83FF7E981BE03F5500A505F5 /* __SSWidgetStdGreenLock.m */,
				83FF7EA01BE0C10800A505F5 /* __SSWidgetStdGrayLock.h */,
				83FF7EA11BE0C10800A505F5 /* __SSWidgetStdGrayLock.m */,
				83FD30401BD7A561001B5B02 /* __SSWidgetUser.h */,
				83FD30411BD7A561001B5B02 /* __SSWidgetUser.m */,
				83F47F791BCEA3280086F42D /* __SSWidgetBackingButtonCell.h */,
				83F47F7A1BCEA3280086F42D /* __SSWidgetBackingButtonCell.m */,
				83F47F7B1BCEA3280086F42D /* __SSBackingCell.h */,
				83F47F7C1BCEA3280086F42D /* __SSBackingCell.m */,
				83F47F7D1BCEA3280086F42D /* __SSInputField.h */,
				83F47F7E1BCEA3280086F42D /* __SSInputField.m */,
				83F47F7F1BCEA3280086F42D /* __SSInputFieldCell.h */,
				83F47F801BCEA3280086F42D /* __SSInputFieldCell.m */,
				83F47FD11BCFD8120086F42D /* __SSBar.h */,
				83F47FD01BCFD8120086F42D /* __SSBar.m */,
				83FF7E9A1BE0596100A505F5 /* __SSWidgetsPallet.h */,
				83FF7E9B1BE0596100A505F5 /* __SSWidgetsPallet.m */,
				83B621C31BD82637005FA2DE /* __SSFixedWidgetsPallet.h */,
				83B621C41BD82637005FA2DE /* __SSFixedWidgetsPallet.m */,
				83FF7E9D1BE06B2E00A505F5 /* __SSAutoSizeWidgetsPallet.h */,
				83FF7E9E1BE06B2E00A505F5 /* __SSAutoSizeWidgetsPallet.m */,
			);
			path = internal;
			sourceTree = "<group>";
		};
		83F47FD31BCFD8350086F42D /* artwork */ = {
			isa = PBXGroup;
			children = (
				83F47FD41BCFD8350086F42D /* search-stuff-reload-highlighted.png */,
				83F47FD51BCFD8350086F42D /* search-stuff-reload-highlighted@2x.png */,
				83F47FD61BCFD8350086F42D /* search-stuff-reload.png */,
				83F47FD71BCFD8350086F42D /* search-stuff-reload@2x.png */,
				83F47FD81BCFD8350086F42D /* search-stuff-search-highlighted.png */,
				83F47FD91BCFD8350086F42D /* search-stuff-search-highlighted@2x.png */,
				83F47FDA1BCFD8350086F42D /* search-stuff-search.png */,
				83F47FDB1BCFD8350086F42D /* search-stuff-search@2x.png */,
				838A9BD51BD80DCE008E1B12 /* search-stuff-add.png */,
				838A9BD61BD80DCE008E1B12 /* search-stuff-add@2x.png */,
				838A9BD31BD80DCE008E1B12 /* search-stuff-add-highlighted.png */,
				838A9BD41BD80DCE008E1B12 /* search-stuff-add-highlighted@2x.png */,
				838A9BD91BD80DCE008E1B12 /* search-stuff-remove.png */,
				838A9BDA1BD80DCE008E1B12 /* search-stuff-remove@2x.png */,
				838A9BD71BD80DCE008E1B12 /* search-stuff-remove-highlighted.png */,
				838A9BD81BD80DCE008E1B12 /* search-stuff-remove-highlighted@2x.png */,
				83FF7E911BE03E4200A505F5 /* search-stuff-greenlock.png */,
				83FF7E921BE03E4200A505F5 /* search-stuff-greenlock@2x.png */,
				83FF7E8F1BE03E4200A505F5 /* search-stuff-greenlock-highlighted.png */,
				83FF7E901BE03E4200A505F5 /* search-stuff-greenlock-highlighted@2x.png */,
				83FF7EA51BE0C44300A505F5 /* search-stuff-graylock.png */,
				83FF7EA61BE0C44300A505F5 /* search-stuff-graylock@2x.png */,
				83FF7EA31BE0C44300A505F5 /* search-stuff-graylock-highlighted.png */,
				83FF7EA41BE0C44300A505F5 /* search-stuff-graylock-highlighted@2x.png */,
			);
			path = artwork;
			sourceTree = "<group>";
		};
/* End PBXGroup section */

/* Begin PBXNativeTarget section */
		832718F81BC1279100C28426 /* Playground */ = {
			isa = PBXNativeTarget;
			buildConfigurationList = 832719201BC1279100C28426 /* Build configuration list for PBXNativeTarget "Playground" */;
			buildPhases = (
				832718F51BC1279100C28426 /* Sources */,
				832718F61BC1279100C28426 /* Frameworks */,
				832718F71BC1279100C28426 /* Resources */,
			);
			buildRules = (
			);
			dependencies = (
			);
			name = Playground;
			productName = Playground;
			productReference = 832718F91BC1279100C28426 /* Playground.app */;
			productType = "com.apple.product-type.application";
		};
		8327190B1BC1279100C28426 /* PlaygroundTests */ = {
			isa = PBXNativeTarget;
			buildConfigurationList = 832719231BC1279100C28426 /* Build configuration list for PBXNativeTarget "PlaygroundTests" */;
			buildPhases = (
				832719081BC1279100C28426 /* Sources */,
				832719091BC1279100C28426 /* Frameworks */,
				8327190A1BC1279100C28426 /* Resources */,
			);
			buildRules = (
			);
			dependencies = (
				8327190E1BC1279100C28426 /* PBXTargetDependency */,
			);
			name = PlaygroundTests;
			productName = PlaygroundTests;
			productReference = 8327190C1BC1279100C28426 /* PlaygroundTests.xctest */;
			productType = "com.apple.product-type.bundle.unit-test";
		};
		832719161BC1279100C28426 /* PlaygroundUITests */ = {
			isa = PBXNativeTarget;
			buildConfigurationList = 832719261BC1279100C28426 /* Build configuration list for PBXNativeTarget "PlaygroundUITests" */;
			buildPhases = (
				832719131BC1279100C28426 /* Sources */,
				832719141BC1279100C28426 /* Frameworks */,
				832719151BC1279100C28426 /* Resources */,
			);
			buildRules = (
			);
			dependencies = (
				832719191BC1279100C28426 /* PBXTargetDependency */,
			);
			name = PlaygroundUITests;
			productName = PlaygroundUITests;
			productReference = 832719171BC1279100C28426 /* PlaygroundUITests.xctest */;
			productType = "com.apple.product-type.bundle.ui-testing";
		};
/* End PBXNativeTarget section */

/* Begin PBXProject section */
		832718F11BC1279100C28426 /* Project object */ = {
			isa = PBXProject;
			attributes = {
				LastUpgradeCheck = 0700;
				ORGANIZATIONNAME = "Tong Kuo";
				TargetAttributes = {
					832718F81BC1279100C28426 = {
						CreatedOnToolsVersion = 7.0;
					};
					8327190B1BC1279100C28426 = {
						CreatedOnToolsVersion = 7.0;
						TestTargetID = 832718F81BC1279100C28426;
					};
					832719161BC1279100C28426 = {
						CreatedOnToolsVersion = 7.0;
						TestTargetID = 832718F81BC1279100C28426;
					};
				};
			};
			buildConfigurationList = 832718F41BC1279100C28426 /* Build configuration list for PBXProject "Playground" */;
			compatibilityVersion = "Xcode 3.2";
			developmentRegion = English;
			hasScannedForEncodings = 0;
			knownRegions = (
				en,
				Base,
			);
			mainGroup = 832718F01BC1279100C28426;
			productRefGroup = 832718FA1BC1279100C28426 /* Products */;
			projectDirPath = "";
			projectRoot = "";
			targets = (
				832718F81BC1279100C28426 /* Playground */,
				8327190B1BC1279100C28426 /* PlaygroundTests */,
				832719161BC1279100C28426 /* PlaygroundUITests */,
			);
		};
/* End PBXProject section */

/* Begin PBXResourcesBuildPhase section */
		832718F71BC1279100C28426 /* Resources */ = {
			isa = PBXResourcesBuildPhase;
			buildActionMask = 2147483647;
			files = (
				838A9BDD1BD80DCE008E1B12 /* search-stuff-add.png in Resources */,
				83F47FDE1BCFD8350086F42D /* search-stuff-reload.png in Resources */,
				83FF7E961BE03E4200A505F5 /* search-stuff-greenlock@2x.png in Resources */,
				83FF7EAA1BE0C44300A505F5 /* search-stuff-graylock@2x.png in Resources */,
				83F47FE21BCFD8350086F42D /* search-stuff-search.png in Resources */,
				83F47FDD1BCFD8350086F42D /* search-stuff-reload-highlighted@2x.png in Resources */,
				83FF7E931BE03E4200A505F5 /* search-stuff-greenlock-highlighted.png in Resources */,
				83FF7E951BE03E4200A505F5 /* search-stuff-greenlock.png in Resources */,
				832719031BC1279100C28426 /* Assets.xcassets in Resources */,
				838A9BE21BD80DCE008E1B12 /* search-stuff-remove@2x.png in Resources */,
				83F47FDC1BCFD8350086F42D /* search-stuff-reload-highlighted.png in Resources */,
				83F47FE31BCFD8350086F42D /* search-stuff-search@2x.png in Resources */,
				838A9BE01BD80DCE008E1B12 /* search-stuff-remove-highlighted@2x.png in Resources */,
				838A9BDE1BD80DCE008E1B12 /* search-stuff-add@2x.png in Resources */,
				838A9BDF1BD80DCE008E1B12 /* search-stuff-remove-highlighted.png in Resources */,
				83F47FE01BCFD8350086F42D /* search-stuff-search-highlighted.png in Resources */,
				83FF7EA81BE0C44300A505F5 /* search-stuff-graylock-highlighted@2x.png in Resources */,
				838A9BDC1BD80DCE008E1B12 /* search-stuff-add-highlighted@2x.png in Resources */,
				83FF7E941BE03E4200A505F5 /* search-stuff-greenlock-highlighted@2x.png in Resources */,
				838A9BE11BD80DCE008E1B12 /* search-stuff-remove.png in Resources */,
				83FF7EA71BE0C44300A505F5 /* search-stuff-graylock-highlighted.png in Resources */,
				838A9BDB1BD80DCE008E1B12 /* search-stuff-add-highlighted.png in Resources */,
				83F47FDF1BCFD8350086F42D /* search-stuff-reload@2x.png in Resources */,
				83FF7EA91BE0C44300A505F5 /* search-stuff-graylock.png in Resources */,
				832719061BC1279100C28426 /* MainMenu.xib in Resources */,
				83F47FE11BCFD8350086F42D /* search-stuff-search-highlighted@2x.png in Resources */,
			);
			runOnlyForDeploymentPostprocessing = 0;
		};
		8327190A1BC1279100C28426 /* Resources */ = {
			isa = PBXResourcesBuildPhase;
			buildActionMask = 2147483647;
			files = (
			);
			runOnlyForDeploymentPostprocessing = 0;
		};
		832719151BC1279100C28426 /* Resources */ = {
			isa = PBXResourcesBuildPhase;
			buildActionMask = 2147483647;
			files = (
			);
			runOnlyForDeploymentPostprocessing = 0;
		};
/* End PBXResourcesBuildPhase section */

/* Begin PBXSourcesBuildPhase section */
		832718F51BC1279100C28426 /* Sources */ = {
			isa = PBXSourcesBuildPhase;
			buildActionMask = 2147483647;
			files = (
				83F47F961BCEA3290086F42D /* SearchStuffToolbarItem.m in Sources */,
				83F47F901BCEA3290086F42D /* __SSWidgetBackingButton.m in Sources */,
				832CBAFF1BD6675400693DC1 /* __SSWidgetBackingStdReloadButton.m in Sources */,
				83FF7EA21BE0C10800A505F5 /* __SSWidgetStdGrayLock.m in Sources */,
				83F47FD21BCFD8120086F42D /* __SSBar.m in Sources */,
				83FD30421BD7A561001B5B02 /* __SSWidgetUser.m in Sources */,
				832719011BC1279100C28426 /* main.m in Sources */,
				83B621C51BD82637005FA2DE /* __SSFixedWidgetsPallet.m in Sources */,
				832718FE1BC1279100C28426 /* AppDelegate.m in Sources */,
				83F47F941BCEA3290086F42D /* __SSInputFieldCell.m in Sources */,
				830531EF1BD51AEF00223917 /* __SSWidgetBackingStdSearchButton.m in Sources */,
				83F47F911BCEA3290086F42D /* __SSWidgetBackingButtonCell.m in Sources */,
				83FF7E9C1BE0596100A505F5 /* __SSWidgetsPallet.m in Sources */,
				83F47F971BCEA3290086F42D /* SearchStuffWidget.m in Sources */,
				83FF7E991BE03F5500A505F5 /* __SSWidgetStdGreenLock.m in Sources */,
				83F47F931BCEA3290086F42D /* __SSInputField.m in Sources */,
				83FF7E9F1BE06B2E00A505F5 /* __SSAutoSizeWidgetsPallet.m in Sources */,
				83F47F921BCEA3290086F42D /* __SSBackingCell.m in Sources */,
			);
			runOnlyForDeploymentPostprocessing = 0;
		};
		832719081BC1279100C28426 /* Sources */ = {
			isa = PBXSourcesBuildPhase;
			buildActionMask = 2147483647;
			files = (
				832719111BC1279100C28426 /* PlaygroundTests.m in Sources */,
			);
			runOnlyForDeploymentPostprocessing = 0;
		};
		832719131BC1279100C28426 /* Sources */ = {
			isa = PBXSourcesBuildPhase;
			buildActionMask = 2147483647;
			files = (
				8327191C1BC1279100C28426 /* PlaygroundUITests.m in Sources */,
			);
			runOnlyForDeploymentPostprocessing = 0;
		};
/* End PBXSourcesBuildPhase section */

/* Begin PBXTargetDependency section */
		8327190E1BC1279100C28426 /* PBXTargetDependency */ = {
			isa = PBXTargetDependency;
			target = 832718F81BC1279100C28426 /* Playground */;
			targetProxy = 8327190D1BC1279100C28426 /* PBXContainerItemProxy */;
		};
		832719191BC1279100C28426 /* PBXTargetDependency */ = {
			isa = PBXTargetDependency;
			target = 832718F81BC1279100C28426 /* Playground */;
			targetProxy = 832719181BC1279100C28426 /* PBXContainerItemProxy */;
		};
/* End PBXTargetDependency section */

/* Begin PBXVariantGroup section */
		832719041BC1279100C28426 /* MainMenu.xib */ = {
			isa = PBXVariantGroup;
			children = (
				832719051BC1279100C28426 /* Base */,
			);
			name = MainMenu.xib;
			sourceTree = "<group>";
		};
/* End PBXVariantGroup section */

/* Begin XCBuildConfiguration section */
		8327191E1BC1279100C28426 /* Debug */ = {
			isa = XCBuildConfiguration;
			buildSettings = {
				ALWAYS_SEARCH_USER_PATHS = NO;
				CLANG_CXX_LANGUAGE_STANDARD = "gnu++0x";
				CLANG_CXX_LIBRARY = "libc++";
				CLANG_ENABLE_MODULES = YES;
				CLANG_ENABLE_OBJC_ARC = YES;
				CLANG_WARN_BOOL_CONVERSION = YES;
				CLANG_WARN_CONSTANT_CONVERSION = YES;
				CLANG_WARN_DIRECT_OBJC_ISA_USAGE = YES_ERROR;
				CLANG_WARN_EMPTY_BODY = YES;
				CLANG_WARN_ENUM_CONVERSION = YES;
				CLANG_WARN_INT_CONVERSION = YES;
				CLANG_WARN_OBJC_ROOT_CLASS = YES_ERROR;
				CLANG_WARN_UNREACHABLE_CODE = YES;
				CLANG_WARN__DUPLICATE_METHOD_MATCH = YES;
				CODE_SIGN_IDENTITY = "-";
				COPY_PHASE_STRIP = NO;
				DEBUG_INFORMATION_FORMAT = dwarf;
				ENABLE_STRICT_OBJC_MSGSEND = NO;
				ENABLE_TESTABILITY = YES;
				GCC_C_LANGUAGE_STANDARD = gnu99;
				GCC_DYNAMIC_NO_PIC = NO;
				GCC_NO_COMMON_BLOCKS = YES;
				GCC_OPTIMIZATION_LEVEL = 0;
				GCC_PREPROCESSOR_DEFINITIONS = (
					"DEBUG=1",
					"$(inherited)",
				);
				GCC_WARN_64_TO_32_BIT_CONVERSION = YES;
				GCC_WARN_ABOUT_RETURN_TYPE = YES_ERROR;
				GCC_WARN_UNDECLARED_SELECTOR = YES;
				GCC_WARN_UNINITIALIZED_AUTOS = YES_AGGRESSIVE;
				GCC_WARN_UNUSED_FUNCTION = YES;
				GCC_WARN_UNUSED_VARIABLE = YES;
				MACOSX_DEPLOYMENT_TARGET = 10.10;
				MTL_ENABLE_DEBUG_INFO = YES;
				ONLY_ACTIVE_ARCH = YES;
				SDKROOT = macosx;
			};
			name = Debug;
		};
		8327191F1BC1279100C28426 /* Release */ = {
			isa = XCBuildConfiguration;
			buildSettings = {
				ALWAYS_SEARCH_USER_PATHS = NO;
				CLANG_CXX_LANGUAGE_STANDARD = "gnu++0x";
				CLANG_CXX_LIBRARY = "libc++";
				CLANG_ENABLE_MODULES = YES;
				CLANG_ENABLE_OBJC_ARC = YES;
				CLANG_WARN_BOOL_CONVERSION = YES;
				CLANG_WARN_CONSTANT_CONVERSION = YES;
				CLANG_WARN_DIRECT_OBJC_ISA_USAGE = YES_ERROR;
				CLANG_WARN_EMPTY_BODY = YES;
				CLANG_WARN_ENUM_CONVERSION = YES;
				CLANG_WARN_INT_CONVERSION = YES;
				CLANG_WARN_OBJC_ROOT_CLASS = YES_ERROR;
				CLANG_WARN_UNREACHABLE_CODE = YES;
				CLANG_WARN__DUPLICATE_METHOD_MATCH = YES;
				CODE_SIGN_IDENTITY = "-";
				COPY_PHASE_STRIP = NO;
				DEBUG_INFORMATION_FORMAT = "dwarf-with-dsym";
				ENABLE_NS_ASSERTIONS = NO;
				ENABLE_STRICT_OBJC_MSGSEND = NO;
				GCC_C_LANGUAGE_STANDARD = gnu99;
				GCC_NO_COMMON_BLOCKS = YES;
				GCC_WARN_64_TO_32_BIT_CONVERSION = YES;
				GCC_WARN_ABOUT_RETURN_TYPE = YES_ERROR;
				GCC_WARN_UNDECLARED_SELECTOR = YES;
				GCC_WARN_UNINITIALIZED_AUTOS = YES_AGGRESSIVE;
				GCC_WARN_UNUSED_FUNCTION = YES;
				GCC_WARN_UNUSED_VARIABLE = YES;
				MACOSX_DEPLOYMENT_TARGET = 10.10;
				MTL_ENABLE_DEBUG_INFO = NO;
				SDKROOT = macosx;
			};
			name = Release;
		};
		832719211BC1279100C28426 /* Debug */ = {
			isa = XCBuildConfiguration;
			buildSettings = {
				ASSETCATALOG_COMPILER_APPICON_NAME = AppIcon;
				COMBINE_HIDPI_IMAGES = YES;
				INFOPLIST_FILE = Playground/Info.plist;
				LD_RUNPATH_SEARCH_PATHS = "$(inherited) @executable_path/../Frameworks";
				PRODUCT_BUNDLE_IDENTIFIER = home.bedroom.TongKuo.Playground;
				PRODUCT_NAME = "$(TARGET_NAME)";
			};
			name = Debug;
		};
		832719221BC1279100C28426 /* Release */ = {
			isa = XCBuildConfiguration;
			buildSettings = {
				ASSETCATALOG_COMPILER_APPICON_NAME = AppIcon;
				COMBINE_HIDPI_IMAGES = YES;
				INFOPLIST_FILE = Playground/Info.plist;
				LD_RUNPATH_SEARCH_PATHS = "$(inherited) @executable_path/../Frameworks";
				PRODUCT_BUNDLE_IDENTIFIER = home.bedroom.TongKuo.Playground;
				PRODUCT_NAME = "$(TARGET_NAME)";
			};
			name = Release;
		};
		832719241BC1279100C28426 /* Debug */ = {
			isa = XCBuildConfiguration;
			buildSettings = {
				BUNDLE_LOADER = "$(TEST_HOST)";
				COMBINE_HIDPI_IMAGES = YES;
				INFOPLIST_FILE = PlaygroundTests/Info.plist;
				LD_RUNPATH_SEARCH_PATHS = "$(inherited) @executable_path/../Frameworks @loader_path/../Frameworks";
				PRODUCT_BUNDLE_IDENTIFIER = home.bedroom.TongKuo.PlaygroundTests;
				PRODUCT_NAME = "$(TARGET_NAME)";
				TEST_HOST = "$(BUILT_PRODUCTS_DIR)/Playground.app/Contents/MacOS/Playground";
			};
			name = Debug;
		};
		832719251BC1279100C28426 /* Release */ = {
			isa = XCBuildConfiguration;
			buildSettings = {
				BUNDLE_LOADER = "$(TEST_HOST)";
				COMBINE_HIDPI_IMAGES = YES;
				INFOPLIST_FILE = PlaygroundTests/Info.plist;
				LD_RUNPATH_SEARCH_PATHS = "$(inherited) @executable_path/../Frameworks @loader_path/../Frameworks";
				PRODUCT_BUNDLE_IDENTIFIER = home.bedroom.TongKuo.PlaygroundTests;
				PRODUCT_NAME = "$(TARGET_NAME)";
				TEST_HOST = "$(BUILT_PRODUCTS_DIR)/Playground.app/Contents/MacOS/Playground";
			};
			name = Release;
		};
		832719271BC1279100C28426 /* Debug */ = {
			isa = XCBuildConfiguration;
			buildSettings = {
				COMBINE_HIDPI_IMAGES = YES;
				INFOPLIST_FILE = PlaygroundUITests/Info.plist;
				LD_RUNPATH_SEARCH_PATHS = "$(inherited) @executable_path/../Frameworks @loader_path/../Frameworks";
				PRODUCT_BUNDLE_IDENTIFIER = home.bedroom.TongKuo.PlaygroundUITests;
				PRODUCT_NAME = "$(TARGET_NAME)";
				TEST_TARGET_NAME = Playground;
				USES_XCTRUNNER = YES;
			};
			name = Debug;
		};
		832719281BC1279100C28426 /* Release */ = {
			isa = XCBuildConfiguration;
			buildSettings = {
				COMBINE_HIDPI_IMAGES = YES;
				INFOPLIST_FILE = PlaygroundUITests/Info.plist;
				LD_RUNPATH_SEARCH_PATHS = "$(inherited) @executable_path/../Frameworks @loader_path/../Frameworks";
				PRODUCT_BUNDLE_IDENTIFIER = home.bedroom.TongKuo.PlaygroundUITests;
				PRODUCT_NAME = "$(TARGET_NAME)";
				TEST_TARGET_NAME = Playground;
				USES_XCTRUNNER = YES;
			};
			name = Release;
		};
/* End XCBuildConfiguration section */

/* Begin XCConfigurationList section */
		832718F41BC1279100C28426 /* Build configuration list for PBXProject "Playground" */ = {
			isa = XCConfigurationList;
			buildConfigurations = (
				8327191E1BC1279100C28426 /* Debug */,
				8327191F1BC1279100C28426 /* Release */,
			);
			defaultConfigurationIsVisible = 0;
			defaultConfigurationName = Release;
		};
		832719201BC1279100C28426 /* Build configuration list for PBXNativeTarget "Playground" */ = {
			isa = XCConfigurationList;
			buildConfigurations = (
				832719211BC1279100C28426 /* Debug */,
				832719221BC1279100C28426 /* Release */,
			);
			defaultConfigurationIsVisible = 0;
			defaultConfigurationName = Release;
		};
		832719231BC1279100C28426 /* Build configuration list for PBXNativeTarget "PlaygroundTests" */ = {
			isa = XCConfigurationList;
			buildConfigurations = (
				832719241BC1279100C28426 /* Debug */,
				832719251BC1279100C28426 /* Release */,
			);
			defaultConfigurationIsVisible = 0;
			defaultConfigurationName = Release;
		};
		832719261BC1279100C28426 /* Build configuration list for PBXNativeTarget "PlaygroundUITests" */ = {
			isa = XCConfigurationList;
			buildConfigurations = (
				832719271BC1279100C28426 /* Debug */,
				832719281BC1279100C28426 /* Release */,
			);
			defaultConfigurationIsVisible = 0;
			defaultConfigurationName = Release;
		};
/* End XCConfigurationList section */
	};
	rootObject = 832718F11BC1279100C28426 /* Project object */;
}
