// !$*UTF8*$!
{
	archiveVersion = 1;
	classes = {
	};
	objectVersion = 46;
	objects = {

/* Begin PBXBuildFile section */
		832718FE1BC1279100C28426 /* AppDelegate.m in Sources */ = {isa = PBXBuildFile; fileRef = 832718FD1BC1279100C28426 /* AppDelegate.m */; };
		832719011BC1279100C28426 /* main.m in Sources */ = {isa = PBXBuildFile; fileRef = 832719001BC1279100C28426 /* main.m */; };
		832719031BC1279100C28426 /* Assets.xcassets in Resources */ = {isa = PBXBuildFile; fileRef = 832719021BC1279100C28426 /* Assets.xcassets */; };
		832719061BC1279100C28426 /* MainMenu.xib in Resources */ = {isa = PBXBuildFile; fileRef = 832719041BC1279100C28426 /* MainMenu.xib */; };
		832719111BC1279100C28426 /* PlaygroundTests.m in Sources */ = {isa = PBXBuildFile; fileRef = 832719101BC1279100C28426 /* PlaygroundTests.m */; };
		8327191C1BC1279100C28426 /* PlaygroundUITests.m in Sources */ = {isa = PBXBuildFile; fileRef = 8327191B1BC1279100C28426 /* PlaygroundUITests.m */; };
		83F47F001BCE88A10086F42D /* search-stuff-reload-highlighted.png in Resources */ = {isa = PBXBuildFile; fileRef = 83F47EE61BCE88A10086F42D /* search-stuff-reload-highlighted.png */; settings = {ASSET_TAGS = (); }; };
		83F47F011BCE88A10086F42D /* search-stuff-reload-highlighted@2x.png in Resources */ = {isa = PBXBuildFile; fileRef = 83F47EE71BCE88A10086F42D /* search-stuff-reload-highlighted@2x.png */; settings = {ASSET_TAGS = (); }; };
		83F47F021BCE88A10086F42D /* search-stuff-reload.png in Resources */ = {isa = PBXBuildFile; fileRef = 83F47EE81BCE88A10086F42D /* search-stuff-reload.png */; settings = {ASSET_TAGS = (); }; };
		83F47F031BCE88A10086F42D /* search-stuff-reload@2x.png in Resources */ = {isa = PBXBuildFile; fileRef = 83F47EE91BCE88A10086F42D /* search-stuff-reload@2x.png */; settings = {ASSET_TAGS = (); }; };
		83F47F041BCE88A10086F42D /* search-stuff-search-highlighted.png in Resources */ = {isa = PBXBuildFile; fileRef = 83F47EEA1BCE88A10086F42D /* search-stuff-search-highlighted.png */; settings = {ASSET_TAGS = (); }; };
		83F47F051BCE88A10086F42D /* search-stuff-search-highlighted@2x.png in Resources */ = {isa = PBXBuildFile; fileRef = 83F47EEB1BCE88A10086F42D /* search-stuff-search-highlighted@2x.png */; settings = {ASSET_TAGS = (); }; };
		83F47F061BCE88A10086F42D /* search-stuff-search.png in Resources */ = {isa = PBXBuildFile; fileRef = 83F47EEC1BCE88A10086F42D /* search-stuff-search.png */; settings = {ASSET_TAGS = (); }; };
		83F47F071BCE88A10086F42D /* search-stuff-search@2x.png in Resources */ = {isa = PBXBuildFile; fileRef = 83F47EED1BCE88A10086F42D /* search-stuff-search@2x.png */; settings = {ASSET_TAGS = (); }; };
		83F47F081BCE88A10086F42D /* __SSSearchButton.m in Sources */ = {isa = PBXBuildFile; fileRef = 83F47EF01BCE88A10086F42D /* __SSSearchButton.m */; settings = {ASSET_TAGS = (); }; };
		83F47F091BCE88A10086F42D /* __SSSearchButtonCell.m in Sources */ = {isa = PBXBuildFile; fileRef = 83F47EF21BCE88A10086F42D /* __SSSearchButtonCell.m */; settings = {ASSET_TAGS = (); }; };
		83F47F0A1BCE88A10086F42D /* __SSSearchStuffBackingCell.m in Sources */ = {isa = PBXBuildFile; fileRef = 83F47EF41BCE88A10086F42D /* __SSSearchStuffBackingCell.m */; settings = {ASSET_TAGS = (); }; };
		83F47F0B1BCE88A10086F42D /* __SSSearchStuffInputField.m in Sources */ = {isa = PBXBuildFile; fileRef = 83F47EF61BCE88A10086F42D /* __SSSearchStuffInputField.m */; settings = {ASSET_TAGS = (); }; };
		83F47F0C1BCE88A10086F42D /* __SSSearchStuffInputFieldCell.m in Sources */ = {isa = PBXBuildFile; fileRef = 83F47EF81BCE88A10086F42D /* __SSSearchStuffInputFieldCell.m */; settings = {ASSET_TAGS = (); }; };
		83F47F0D1BCE88A10086F42D /* SSSearchStuffBar.m in Sources */ = {isa = PBXBuildFile; fileRef = 83F47EFB1BCE88A10086F42D /* SSSearchStuffBar.m */; settings = {ASSET_TAGS = (); }; };
		83F47F0E1BCE88A10086F42D /* SSSearchStuffToolbarItem.m in Sources */ = {isa = PBXBuildFile; fileRef = 83F47EFD1BCE88A10086F42D /* SSSearchStuffToolbarItem.m */; settings = {ASSET_TAGS = (); }; };
		83F47F0F1BCE88A10086F42D /* SSSearchStuffWidget.m in Sources */ = {isa = PBXBuildFile; fileRef = 83F47EFF1BCE88A10086F42D /* SSSearchStuffWidget.m */; settings = {ASSET_TAGS = (); }; };
/* End PBXBuildFile section */

/* Begin PBXContainerItemProxy section */
		8327190D1BC1279100C28426 /* PBXContainerItemProxy */ = {
			isa = PBXContainerItemProxy;
			containerPortal = 832718F11BC1279100C28426 /* Project object */;
			proxyType = 1;
			remoteGlobalIDString = 832718F81BC1279100C28426;
			remoteInfo = Playground;
		};
		832719181BC1279100C28426 /* PBXContainerItemProxy */ = {
			isa = PBXContainerItemProxy;
			containerPortal = 832718F11BC1279100C28426 /* Project object */;
			proxyType = 1;
			remoteGlobalIDString = 832718F81BC1279100C28426;
			remoteInfo = Playground;
		};
/* End PBXContainerItemProxy section */

/* Begin PBXFileReference section */
		832718F91BC1279100C28426 /* Playground.app */ = {isa = PBXFileReference; explicitFileType = wrapper.application; includeInIndex = 0; path = Playground.app; sourceTree = BUILT_PRODUCTS_DIR; };
		832718FC1BC1279100C28426 /* AppDelegate.h */ = {isa = PBXFileReference; lastKnownFileType = sourcecode.c.h; path = AppDelegate.h; sourceTree = "<group>"; };
		832718FD1BC1279100C28426 /* AppDelegate.m */ = {isa = PBXFileReference; lastKnownFileType = sourcecode.c.objc; path = AppDelegate.m; sourceTree = "<group>"; };
		832719001BC1279100C28426 /* main.m */ = {isa = PBXFileReference; lastKnownFileType = sourcecode.c.objc; path = main.m; sourceTree = "<group>"; };
		832719021BC1279100C28426 /* Assets.xcassets */ = {isa = PBXFileReference; lastKnownFileType = folder.assetcatalog; path = Assets.xcassets; sourceTree = "<group>"; };
		832719051BC1279100C28426 /* Base */ = {isa = PBXFileReference; lastKnownFileType = file.xib; name = Base; path = Base.lproj/MainMenu.xib; sourceTree = "<group>"; };
		832719071BC1279100C28426 /* Info.plist */ = {isa = PBXFileReference; lastKnownFileType = text.plist.xml; path = Info.plist; sourceTree = "<group>"; };
		8327190C1BC1279100C28426 /* PlaygroundTests.xctest */ = {isa = PBXFileReference; explicitFileType = wrapper.cfbundle; includeInIndex = 0; path = PlaygroundTests.xctest; sourceTree = BUILT_PRODUCTS_DIR; };
		832719101BC1279100C28426 /* PlaygroundTests.m */ = {isa = PBXFileReference; lastKnownFileType = sourcecode.c.objc; path = PlaygroundTests.m; sourceTree = "<group>"; };
		832719121BC1279100C28426 /* Info.plist */ = {isa = PBXFileReference; lastKnownFileType = text.plist.xml; path = Info.plist; sourceTree = "<group>"; };
		832719171BC1279100C28426 /* PlaygroundUITests.xctest */ = {isa = PBXFileReference; explicitFileType = wrapper.cfbundle; includeInIndex = 0; path = PlaygroundUITests.xctest; sourceTree = BUILT_PRODUCTS_DIR; };
		8327191B1BC1279100C28426 /* PlaygroundUITests.m */ = {isa = PBXFileReference; lastKnownFileType = sourcecode.c.objc; path = PlaygroundUITests.m; sourceTree = "<group>"; };
		8327191D1BC1279100C28426 /* Info.plist */ = {isa = PBXFileReference; lastKnownFileType = text.plist.xml; path = Info.plist; sourceTree = "<group>"; };
		83F47EE61BCE88A10086F42D /* search-stuff-reload-highlighted.png */ = {isa = PBXFileReference; lastKnownFileType = image.png; path = "search-stuff-reload-highlighted.png"; sourceTree = "<group>"; };
		83F47EE71BCE88A10086F42D /* search-stuff-reload-highlighted@2x.png */ = {isa = PBXFileReference; lastKnownFileType = image.png; path = "search-stuff-reload-highlighted@2x.png"; sourceTree = "<group>"; };
		83F47EE81BCE88A10086F42D /* search-stuff-reload.png */ = {isa = PBXFileReference; lastKnownFileType = image.png; path = "search-stuff-reload.png"; sourceTree = "<group>"; };
		83F47EE91BCE88A10086F42D /* search-stuff-reload@2x.png */ = {isa = PBXFileReference; lastKnownFileType = image.png; path = "search-stuff-reload@2x.png"; sourceTree = "<group>"; };
		83F47EEA1BCE88A10086F42D /* search-stuff-search-highlighted.png */ = {isa = PBXFileReference; lastKnownFileType = image.png; path = "search-stuff-search-highlighted.png"; sourceTree = "<group>"; };
		83F47EEB1BCE88A10086F42D /* search-stuff-search-highlighted@2x.png */ = {isa = PBXFileReference; lastKnownFileType = image.png; path = "search-stuff-search-highlighted@2x.png"; sourceTree = "<group>"; };
		83F47EEC1BCE88A10086F42D /* search-stuff-search.png */ = {isa = PBXFileReference; lastKnownFileType = image.png; path = "search-stuff-search.png"; sourceTree = "<group>"; };
		83F47EED1BCE88A10086F42D /* search-stuff-search@2x.png */ = {isa = PBXFileReference; lastKnownFileType = image.png; path = "search-stuff-search@2x.png"; sourceTree = "<group>"; };
		83F47EEF1BCE88A10086F42D /* __SSSearchButton.h */ = {isa = PBXFileReference; fileEncoding = 4; lastKnownFileType = sourcecode.c.h; path = __SSSearchButton.h; sourceTree = "<group>"; };
		83F47EF01BCE88A10086F42D /* __SSSearchButton.m */ = {isa = PBXFileReference; fileEncoding = 4; lastKnownFileType = sourcecode.c.objc; path = __SSSearchButton.m; sourceTree = "<group>"; };
		83F47EF11BCE88A10086F42D /* __SSSearchButtonCell.h */ = {isa = PBXFileReference; fileEncoding = 4; lastKnownFileType = sourcecode.c.h; path = __SSSearchButtonCell.h; sourceTree = "<group>"; };
		83F47EF21BCE88A10086F42D /* __SSSearchButtonCell.m */ = {isa = PBXFileReference; fileEncoding = 4; lastKnownFileType = sourcecode.c.objc; path = __SSSearchButtonCell.m; sourceTree = "<group>"; };
		83F47EF31BCE88A10086F42D /* __SSSearchStuffBackingCell.h */ = {isa = PBXFileReference; fileEncoding = 4; lastKnownFileType = sourcecode.c.h; path = __SSSearchStuffBackingCell.h; sourceTree = "<group>"; };
		83F47EF41BCE88A10086F42D /* __SSSearchStuffBackingCell.m */ = {isa = PBXFileReference; fileEncoding = 4; lastKnownFileType = sourcecode.c.objc; path = __SSSearchStuffBackingCell.m; sourceTree = "<group>"; };
		83F47EF51BCE88A10086F42D /* __SSSearchStuffInputField.h */ = {isa = PBXFileReference; fileEncoding = 4; lastKnownFileType = sourcecode.c.h; path = __SSSearchStuffInputField.h; sourceTree = "<group>"; };
		83F47EF61BCE88A10086F42D /* __SSSearchStuffInputField.m */ = {isa = PBXFileReference; fileEncoding = 4; lastKnownFileType = sourcecode.c.objc; path = __SSSearchStuffInputField.m; sourceTree = "<group>"; };
		83F47EF71BCE88A10086F42D /* __SSSearchStuffInputFieldCell.h */ = {isa = PBXFileReference; fileEncoding = 4; lastKnownFileType = sourcecode.c.h; path = __SSSearchStuffInputFieldCell.h; sourceTree = "<group>"; };
		83F47EF81BCE88A10086F42D /* __SSSearchStuffInputFieldCell.m */ = {isa = PBXFileReference; fileEncoding = 4; lastKnownFileType = sourcecode.c.objc; path = __SSSearchStuffInputFieldCell.m; sourceTree = "<group>"; };
		83F47EF91BCE88A10086F42D /* SearchStuff.h */ = {isa = PBXFileReference; fileEncoding = 4; lastKnownFileType = sourcecode.c.h; path = SearchStuff.h; sourceTree = "<group>"; };
		83F47EFA1BCE88A10086F42D /* SSSearchStuffBar.h */ = {isa = PBXFileReference; fileEncoding = 4; lastKnownFileType = sourcecode.c.h; path = SSSearchStuffBar.h; sourceTree = "<group>"; };
		83F47EFB1BCE88A10086F42D /* SSSearchStuffBar.m */ = {isa = PBXFileReference; fileEncoding = 4; lastKnownFileType = sourcecode.c.objc; path = SSSearchStuffBar.m; sourceTree = "<group>"; };
		83F47EFC1BCE88A10086F42D /* SSSearchStuffToolbarItem.h */ = {isa = PBXFileReference; fileEncoding = 4; lastKnownFileType = sourcecode.c.h; path = SSSearchStuffToolbarItem.h; sourceTree = "<group>"; };
		83F47EFD1BCE88A10086F42D /* SSSearchStuffToolbarItem.m */ = {isa = PBXFileReference; fileEncoding = 4; lastKnownFileType = sourcecode.c.objc; path = SSSearchStuffToolbarItem.m; sourceTree = "<group>"; };
		83F47EFE1BCE88A10086F42D /* SSSearchStuffWidget.h */ = {isa = PBXFileReference; fileEncoding = 4; lastKnownFileType = sourcecode.c.h; path = SSSearchStuffWidget.h; sourceTree = "<group>"; };
		83F47EFF1BCE88A10086F42D /* SSSearchStuffWidget.m */ = {isa = PBXFileReference; fileEncoding = 4; lastKnownFileType = sourcecode.c.objc; path = SSSearchStuffWidget.m; sourceTree = "<group>"; };
/* End PBXFileReference section */

/* Begin PBXFrameworksBuildPhase section */
		832718F61BC1279100C28426 /* Frameworks */ = {
			isa = PBXFrameworksBuildPhase;
			buildActionMask = 2147483647;
			files = (
			);
			runOnlyForDeploymentPostprocessing = 0;
		};
		832719091BC1279100C28426 /* Frameworks */ = {
			isa = PBXFrameworksBuildPhase;
			buildActionMask = 2147483647;
			files = (
			);
			runOnlyForDeploymentPostprocessing = 0;
		};
		832719141BC1279100C28426 /* Frameworks */ = {
			isa = PBXFrameworksBuildPhase;
			buildActionMask = 2147483647;
			files = (
			);
			runOnlyForDeploymentPostprocessing = 0;
		};
/* End PBXFrameworksBuildPhase section */

/* Begin PBXGroup section */
		832718F01BC1279100C28426 = {
			isa = PBXGroup;
			children = (
				83F47EE41BCE88A10086F42D /* SearchStuff */,
				832718FB1BC1279100C28426 /* Playground */,
				8327190F1BC1279100C28426 /* PlaygroundTests */,
				8327191A1BC1279100C28426 /* PlaygroundUITests */,
				832718FA1BC1279100C28426 /* Products */,
			);
			sourceTree = "<group>";
		};
		832718FA1BC1279100C28426 /* Products */ = {
			isa = PBXGroup;
			children = (
				832718F91BC1279100C28426 /* Playground.app */,
				8327190C1BC1279100C28426 /* PlaygroundTests.xctest */,
				832719171BC1279100C28426 /* PlaygroundUITests.xctest */,
			);
			name = Products;
			sourceTree = "<group>";
		};
		832718FB1BC1279100C28426 /* Playground */ = {
			isa = PBXGroup;
			children = (
				832718FC1BC1279100C28426 /* AppDelegate.h */,
				832718FD1BC1279100C28426 /* AppDelegate.m */,
				832719021BC1279100C28426 /* Assets.xcassets */,
				832719041BC1279100C28426 /* MainMenu.xib */,
				832719071BC1279100C28426 /* Info.plist */,
				832718FF1BC1279100C28426 /* Supporting Files */,
			);
			path = Playground;
			sourceTree = "<group>";
		};
		832718FF1BC1279100C28426 /* Supporting Files */ = {
			isa = PBXGroup;
			children = (
				832719001BC1279100C28426 /* main.m */,
			);
			name = "Supporting Files";
			sourceTree = "<group>";
		};
		8327190F1BC1279100C28426 /* PlaygroundTests */ = {
			isa = PBXGroup;
			children = (
				832719101BC1279100C28426 /* PlaygroundTests.m */,
				832719121BC1279100C28426 /* Info.plist */,
			);
			path = PlaygroundTests;
			sourceTree = "<group>";
		};
		8327191A1BC1279100C28426 /* PlaygroundUITests */ = {
			isa = PBXGroup;
			children = (
				8327191B1BC1279100C28426 /* PlaygroundUITests.m */,
				8327191D1BC1279100C28426 /* Info.plist */,
			);
			path = PlaygroundUITests;
			sourceTree = "<group>";
		};
		83F47EE41BCE88A10086F42D /* SearchStuff */ = {
			isa = PBXGroup;
			children = (
				83F47EE51BCE88A10086F42D /* artwork */,
				83F47EEE1BCE88A10086F42D /* internal */,
				83F47EF91BCE88A10086F42D /* SearchStuff.h */,
				83F47EFA1BCE88A10086F42D /* SSSearchStuffBar.h */,
				83F47EFB1BCE88A10086F42D /* SSSearchStuffBar.m */,
				83F47EFC1BCE88A10086F42D /* SSSearchStuffToolbarItem.h */,
				83F47EFD1BCE88A10086F42D /* SSSearchStuffToolbarItem.m */,
				83F47EFE1BCE88A10086F42D /* SSSearchStuffWidget.h */,
				83F47EFF1BCE88A10086F42D /* SSSearchStuffWidget.m */,
			);
			path = SearchStuff;
			sourceTree = "<group>";
		};
		83F47EE51BCE88A10086F42D /* artwork */ = {
			isa = PBXGroup;
			children = (
				83F47EE61BCE88A10086F42D /* search-stuff-reload-highlighted.png */,
				83F47EE71BCE88A10086F42D /* search-stuff-reload-highlighted@2x.png */,
				83F47EE81BCE88A10086F42D /* search-stuff-reload.png */,
				83F47EE91BCE88A10086F42D /* search-stuff-reload@2x.png */,
				83F47EEA1BCE88A10086F42D /* search-stuff-search-highlighted.png */,
				83F47EEB1BCE88A10086F42D /* search-stuff-search-highlighted@2x.png */,
				83F47EEC1BCE88A10086F42D /* search-stuff-search.png */,
				83F47EED1BCE88A10086F42D /* search-stuff-search@2x.png */,
			);
			path = artwork;
			sourceTree = "<group>";
		};
		83F47EEE1BCE88A10086F42D /* internal */ = {
			isa = PBXGroup;
			children = (
				83F47EEF1BCE88A10086F42D /* __SSSearchButton.h */,
				83F47EF01BCE88A10086F42D /* __SSSearchButton.m */,
				83F47EF11BCE88A10086F42D /* __SSSearchButtonCell.h */,
				83F47EF21BCE88A10086F42D /* __SSSearchButtonCell.m */,
				83F47EF31BCE88A10086F42D /* __SSSearchStuffBackingCell.h */,
				83F47EF41BCE88A10086F42D /* __SSSearchStuffBackingCell.m */,
				83F47EF51BCE88A10086F42D /* __SSSearchStuffInputField.h */,
				83F47EF61BCE88A10086F42D /* __SSSearchStuffInputField.m */,
				83F47EF71BCE88A10086F42D /* __SSSearchStuffInputFieldCell.h */,
				83F47EF81BCE88A10086F42D /* __SSSearchStuffInputFieldCell.m */,
			);
			path = internal;
			sourceTree = "<group>";
		};
/* End PBXGroup section */

/* Begin PBXNativeTarget section */
		832718F81BC1279100C28426 /* Playground */ = {
			isa = PBXNativeTarget;
			buildConfigurationList = 832719201BC1279100C28426 /* Build configuration list for PBXNativeTarget "Playground" */;
			buildPhases = (
				832718F51BC1279100C28426 /* Sources */,
				832718F61BC1279100C28426 /* Frameworks */,
				832718F71BC1279100C28426 /* Resources */,
			);
			buildRules = (
			);
			dependencies = (
			);
			name = Playground;
			productName = Playground;
			productReference = 832718F91BC1279100C28426 /* Playground.app */;
			productType = "com.apple.product-type.application";
		};
		8327190B1BC1279100C28426 /* PlaygroundTests */ = {
			isa = PBXNativeTarget;
			buildConfigurationList = 832719231BC1279100C28426 /* Build configuration list for PBXNativeTarget "PlaygroundTests" */;
			buildPhases = (
				832719081BC1279100C28426 /* Sources */,
				832719091BC1279100C28426 /* Frameworks */,
				8327190A1BC1279100C28426 /* Resources */,
			);
			buildRules = (
			);
			dependencies = (
				8327190E1BC1279100C28426 /* PBXTargetDependency */,
			);
			name = PlaygroundTests;
			productName = PlaygroundTests;
			productReference = 8327190C1BC1279100C28426 /* PlaygroundTests.xctest */;
			productType = "com.apple.product-type.bundle.unit-test";
		};
		832719161BC1279100C28426 /* PlaygroundUITests */ = {
			isa = PBXNativeTarget;
			buildConfigurationList = 832719261BC1279100C28426 /* Build configuration list for PBXNativeTarget "PlaygroundUITests" */;
			buildPhases = (
				832719131BC1279100C28426 /* Sources */,
				832719141BC1279100C28426 /* Frameworks */,
				832719151BC1279100C28426 /* Resources */,
			);
			buildRules = (
			);
			dependencies = (
				832719191BC1279100C28426 /* PBXTargetDependency */,
			);
			name = PlaygroundUITests;
			productName = PlaygroundUITests;
			productReference = 832719171BC1279100C28426 /* PlaygroundUITests.xctest */;
			productType = "com.apple.product-type.bundle.ui-testing";
		};
/* End PBXNativeTarget section */

/* Begin PBXProject section */
		832718F11BC1279100C28426 /* Project object */ = {
			isa = PBXProject;
			attributes = {
				LastUpgradeCheck = 0700;
				ORGANIZATIONNAME = "Tong Kuo";
				TargetAttributes = {
					832718F81BC1279100C28426 = {
						CreatedOnToolsVersion = 7.0;
					};
					8327190B1BC1279100C28426 = {
						CreatedOnToolsVersion = 7.0;
						TestTargetID = 832718F81BC1279100C28426;
					};
					832719161BC1279100C28426 = {
						CreatedOnToolsVersion = 7.0;
						TestTargetID = 832718F81BC1279100C28426;
					};
				};
			};
			buildConfigurationList = 832718F41BC1279100C28426 /* Build configuration list for PBXProject "Playground" */;
			compatibilityVersion = "Xcode 3.2";
			developmentRegion = English;
			hasScannedForEncodings = 0;
			knownRegions = (
				en,
				Base,
			);
			mainGroup = 832718F01BC1279100C28426;
			productRefGroup = 832718FA1BC1279100C28426 /* Products */;
			projectDirPath = "";
			projectRoot = "";
			targets = (
				832718F81BC1279100C28426 /* Playground */,
				8327190B1BC1279100C28426 /* PlaygroundTests */,
				832719161BC1279100C28426 /* PlaygroundUITests */,
			);
		};
/* End PBXProject section */

/* Begin PBXResourcesBuildPhase section */
		832718F71BC1279100C28426 /* Resources */ = {
			isa = PBXResourcesBuildPhase;
			buildActionMask = 2147483647;
			files = (
				83F47F021BCE88A10086F42D /* search-stuff-reload.png in Resources */,
				83F47F061BCE88A10086F42D /* search-stuff-search.png in Resources */,
				83F47F011BCE88A10086F42D /* search-stuff-reload-highlighted@2x.png in Resources */,
				832719031BC1279100C28426 /* Assets.xcassets in Resources */,
				83F47F001BCE88A10086F42D /* search-stuff-reload-highlighted.png in Resources */,
				83F47F071BCE88A10086F42D /* search-stuff-search@2x.png in Resources */,
				83F47F041BCE88A10086F42D /* search-stuff-search-highlighted.png in Resources */,
				83F47F031BCE88A10086F42D /* search-stuff-reload@2x.png in Resources */,
				832719061BC1279100C28426 /* MainMenu.xib in Resources */,
				83F47F051BCE88A10086F42D /* search-stuff-search-highlighted@2x.png in Resources */,
			);
			runOnlyForDeploymentPostprocessing = 0;
		};
		8327190A1BC1279100C28426 /* Resources */ = {
			isa = PBXResourcesBuildPhase;
			buildActionMask = 2147483647;
			files = (
			);
			runOnlyForDeploymentPostprocessing = 0;
		};
		832719151BC1279100C28426 /* Resources */ = {
			isa = PBXResourcesBuildPhase;
			buildActionMask = 2147483647;
			files = (
			);
			runOnlyForDeploymentPostprocessing = 0;
		};
/* End PBXResourcesBuildPhase section */

/* Begin PBXSourcesBuildPhase section */
		832718F51BC1279100C28426 /* Sources */ = {
			isa = PBXSourcesBuildPhase;
			buildActionMask = 2147483647;
			files = (
				83F47F0E1BCE88A10086F42D /* SSSearchStuffToolbarItem.m in Sources */,
				83F47F081BCE88A10086F42D /* __SSSearchButton.m in Sources */,
				832719011BC1279100C28426 /* main.m in Sources */,
				832718FE1BC1279100C28426 /* AppDelegate.m in Sources */,
				83F47F0C1BCE88A10086F42D /* __SSSearchStuffInputFieldCell.m in Sources */,
				83F47F091BCE88A10086F42D /* __SSSearchButtonCell.m in Sources */,
				83F47F0F1BCE88A10086F42D /* SSSearchStuffWidget.m in Sources */,
				83F47F0B1BCE88A10086F42D /* __SSSearchStuffInputField.m in Sources */,
				83F47F0D1BCE88A10086F42D /* SSSearchStuffBar.m in Sources */,
				83F47F0A1BCE88A10086F42D /* __SSSearchStuffBackingCell.m in Sources */,
			);
			runOnlyForDeploymentPostprocessing = 0;
		};
		832719081BC1279100C28426 /* Sources */ = {
			isa = PBXSourcesBuildPhase;
			buildActionMask = 2147483647;
			files = (
				832719111BC1279100C28426 /* PlaygroundTests.m in Sources */,
			);
			runOnlyForDeploymentPostprocessing = 0;
		};
		832719131BC1279100C28426 /* Sources */ = {
			isa = PBXSourcesBuildPhase;
			buildActionMask = 2147483647;
			files = (
				8327191C1BC1279100C28426 /* PlaygroundUITests.m in Sources */,
			);
			runOnlyForDeploymentPostprocessing = 0;
		};
/* End PBXSourcesBuildPhase section */

/* Begin PBXTargetDependency section */
		8327190E1BC1279100C28426 /* PBXTargetDependency */ = {
			isa = PBXTargetDependency;
			target = 832718F81BC1279100C28426 /* Playground */;
			targetProxy = 8327190D1BC1279100C28426 /* PBXContainerItemProxy */;
		};
		832719191BC1279100C28426 /* PBXTargetDependency */ = {
			isa = PBXTargetDependency;
			target = 832718F81BC1279100C28426 /* Playground */;
			targetProxy = 832719181BC1279100C28426 /* PBXContainerItemProxy */;
		};
/* End PBXTargetDependency section */

/* Begin PBXVariantGroup section */
		832719041BC1279100C28426 /* MainMenu.xib */ = {
			isa = PBXVariantGroup;
			children = (
				832719051BC1279100C28426 /* Base */,
			);
			name = MainMenu.xib;
			sourceTree = "<group>";
		};
/* End PBXVariantGroup section */

/* Begin XCBuildConfiguration section */
		8327191E1BC1279100C28426 /* Debug */ = {
			isa = XCBuildConfiguration;
			buildSettings = {
				ALWAYS_SEARCH_USER_PATHS = NO;
				CLANG_CXX_LANGUAGE_STANDARD = "gnu++0x";
				CLANG_CXX_LIBRARY = "libc++";
				CLANG_ENABLE_MODULES = YES;
				CLANG_ENABLE_OBJC_ARC = YES;
				CLANG_WARN_BOOL_CONVERSION = YES;
				CLANG_WARN_CONSTANT_CONVERSION = YES;
				CLANG_WARN_DIRECT_OBJC_ISA_USAGE = YES_ERROR;
				CLANG_WARN_EMPTY_BODY = YES;
				CLANG_WARN_ENUM_CONVERSION = YES;
				CLANG_WARN_INT_CONVERSION = YES;
				CLANG_WARN_OBJC_ROOT_CLASS = YES_ERROR;
				CLANG_WARN_UNREACHABLE_CODE = YES;
				CLANG_WARN__DUPLICATE_METHOD_MATCH = YES;
				CODE_SIGN_IDENTITY = "-";
				COPY_PHASE_STRIP = NO;
				DEBUG_INFORMATION_FORMAT = dwarf;
				ENABLE_STRICT_OBJC_MSGSEND = YES;
				ENABLE_TESTABILITY = YES;
				GCC_C_LANGUAGE_STANDARD = gnu99;
				GCC_DYNAMIC_NO_PIC = NO;
				GCC_NO_COMMON_BLOCKS = YES;
				GCC_OPTIMIZATION_LEVEL = 0;
				GCC_PREPROCESSOR_DEFINITIONS = (
					"DEBUG=1",
					"$(inherited)",
				);
				GCC_WARN_64_TO_32_BIT_CONVERSION = YES;
				GCC_WARN_ABOUT_RETURN_TYPE = YES_ERROR;
				GCC_WARN_UNDECLARED_SELECTOR = YES;
				GCC_WARN_UNINITIALIZED_AUTOS = YES_AGGRESSIVE;
				GCC_WARN_UNUSED_FUNCTION = YES;
				GCC_WARN_UNUSED_VARIABLE = YES;
				MACOSX_DEPLOYMENT_TARGET = 10.10;
				MTL_ENABLE_DEBUG_INFO = YES;
				ONLY_ACTIVE_ARCH = YES;
				SDKROOT = macosx;
			};
			name = Debug;
		};
		8327191F1BC1279100C28426 /* Release */ = {
			isa = XCBuildConfiguration;
			buildSettings = {
				ALWAYS_SEARCH_USER_PATHS = NO;
				CLANG_CXX_LANGUAGE_STANDARD = "gnu++0x";
				CLANG_CXX_LIBRARY = "libc++";
				CLANG_ENABLE_MODULES = YES;
				CLANG_ENABLE_OBJC_ARC = YES;
				CLANG_WARN_BOOL_CONVERSION = YES;
				CLANG_WARN_CONSTANT_CONVERSION = YES;
				CLANG_WARN_DIRECT_OBJC_ISA_USAGE = YES_ERROR;
				CLANG_WARN_EMPTY_BODY = YES;
				CLANG_WARN_ENUM_CONVERSION = YES;
				CLANG_WARN_INT_CONVERSION = YES;
				CLANG_WARN_OBJC_ROOT_CLASS = YES_ERROR;
				CLANG_WARN_UNREACHABLE_CODE = YES;
				CLANG_WARN__DUPLICATE_METHOD_MATCH = YES;
				CODE_SIGN_IDENTITY = "-";
				COPY_PHASE_STRIP = NO;
				DEBUG_INFORMATION_FORMAT = "dwarf-with-dsym";
				ENABLE_NS_ASSERTIONS = NO;
				ENABLE_STRICT_OBJC_MSGSEND = YES;
				GCC_C_LANGUAGE_STANDARD = gnu99;
				GCC_NO_COMMON_BLOCKS = YES;
				GCC_WARN_64_TO_32_BIT_CONVERSION = YES;
				GCC_WARN_ABOUT_RETURN_TYPE = YES_ERROR;
				GCC_WARN_UNDECLARED_SELECTOR = YES;
				GCC_WARN_UNINITIALIZED_AUTOS = YES_AGGRESSIVE;
				GCC_WARN_UNUSED_FUNCTION = YES;
				GCC_WARN_UNUSED_VARIABLE = YES;
				MACOSX_DEPLOYMENT_TARGET = 10.10;
				MTL_ENABLE_DEBUG_INFO = NO;
				SDKROOT = macosx;
			};
			name = Release;
		};
		832719211BC1279100C28426 /* Debug */ = {
			isa = XCBuildConfiguration;
			buildSettings = {
				ASSETCATALOG_COMPILER_APPICON_NAME = AppIcon;
				COMBINE_HIDPI_IMAGES = YES;
				INFOPLIST_FILE = Playground/Info.plist;
				LD_RUNPATH_SEARCH_PATHS = "$(inherited) @executable_path/../Frameworks";
				PRODUCT_BUNDLE_IDENTIFIER = home.bedroom.TongKuo.Playground;
				PRODUCT_NAME = "$(TARGET_NAME)";
			};
			name = Debug;
		};
		832719221BC1279100C28426 /* Release */ = {
			isa = XCBuildConfiguration;
			buildSettings = {
				ASSETCATALOG_COMPILER_APPICON_NAME = AppIcon;
				COMBINE_HIDPI_IMAGES = YES;
				INFOPLIST_FILE = Playground/Info.plist;
				LD_RUNPATH_SEARCH_PATHS = "$(inherited) @executable_path/../Frameworks";
				PRODUCT_BUNDLE_IDENTIFIER = home.bedroom.TongKuo.Playground;
				PRODUCT_NAME = "$(TARGET_NAME)";
			};
			name = Release;
		};
		832719241BC1279100C28426 /* Debug */ = {
			isa = XCBuildConfiguration;
			buildSettings = {
				BUNDLE_LOADER = "$(TEST_HOST)";
				COMBINE_HIDPI_IMAGES = YES;
				INFOPLIST_FILE = PlaygroundTests/Info.plist;
				LD_RUNPATH_SEARCH_PATHS = "$(inherited) @executable_path/../Frameworks @loader_path/../Frameworks";
				PRODUCT_BUNDLE_IDENTIFIER = home.bedroom.TongKuo.PlaygroundTests;
				PRODUCT_NAME = "$(TARGET_NAME)";
				TEST_HOST = "$(BUILT_PRODUCTS_DIR)/Playground.app/Contents/MacOS/Playground";
			};
			name = Debug;
		};
		832719251BC1279100C28426 /* Release */ = {
			isa = XCBuildConfiguration;
			buildSettings = {
				BUNDLE_LOADER = "$(TEST_HOST)";
				COMBINE_HIDPI_IMAGES = YES;
				INFOPLIST_FILE = PlaygroundTests/Info.plist;
				LD_RUNPATH_SEARCH_PATHS = "$(inherited) @executable_path/../Frameworks @loader_path/../Frameworks";
				PRODUCT_BUNDLE_IDENTIFIER = home.bedroom.TongKuo.PlaygroundTests;
				PRODUCT_NAME = "$(TARGET_NAME)";
				TEST_HOST = "$(BUILT_PRODUCTS_DIR)/Playground.app/Contents/MacOS/Playground";
			};
			name = Release;
		};
		832719271BC1279100C28426 /* Debug */ = {
			isa = XCBuildConfiguration;
			buildSettings = {
				COMBINE_HIDPI_IMAGES = YES;
				INFOPLIST_FILE = PlaygroundUITests/Info.plist;
				LD_RUNPATH_SEARCH_PATHS = "$(inherited) @executable_path/../Frameworks @loader_path/../Frameworks";
				PRODUCT_BUNDLE_IDENTIFIER = home.bedroom.TongKuo.PlaygroundUITests;
				PRODUCT_NAME = "$(TARGET_NAME)";
				TEST_TARGET_NAME = Playground;
				USES_XCTRUNNER = YES;
			};
			name = Debug;
		};
		832719281BC1279100C28426 /* Release */ = {
			isa = XCBuildConfiguration;
			buildSettings = {
				COMBINE_HIDPI_IMAGES = YES;
				INFOPLIST_FILE = PlaygroundUITests/Info.plist;
				LD_RUNPATH_SEARCH_PATHS = "$(inherited) @executable_path/../Frameworks @loader_path/../Frameworks";
				PRODUCT_BUNDLE_IDENTIFIER = home.bedroom.TongKuo.PlaygroundUITests;
				PRODUCT_NAME = "$(TARGET_NAME)";
				TEST_TARGET_NAME = Playground;
				USES_XCTRUNNER = YES;
			};
			name = Release;
		};
/* End XCBuildConfiguration section */

/* Begin XCConfigurationList section */
		832718F41BC1279100C28426 /* Build configuration list for PBXProject "Playground" */ = {
			isa = XCConfigurationList;
			buildConfigurations = (
				8327191E1BC1279100C28426 /* Debug */,
				8327191F1BC1279100C28426 /* Release */,
			);
			defaultConfigurationIsVisible = 0;
			defaultConfigurationName = Release;
		};
		832719201BC1279100C28426 /* Build configuration list for PBXNativeTarget "Playground" */ = {
			isa = XCConfigurationList;
			buildConfigurations = (
				832719211BC1279100C28426 /* Debug */,
				832719221BC1279100C28426 /* Release */,
			);
			defaultConfigurationIsVisible = 0;
			defaultConfigurationName = Release;
		};
		832719231BC1279100C28426 /* Build configuration list for PBXNativeTarget "PlaygroundTests" */ = {
			isa = XCConfigurationList;
			buildConfigurations = (
				832719241BC1279100C28426 /* Debug */,
				832719251BC1279100C28426 /* Release */,
			);
			defaultConfigurationIsVisible = 0;
			defaultConfigurationName = Release;
		};
		832719261BC1279100C28426 /* Build configuration list for PBXNativeTarget "PlaygroundUITests" */ = {
			isa = XCConfigurationList;
			buildConfigurations = (
				832719271BC1279100C28426 /* Debug */,
				832719281BC1279100C28426 /* Release */,
			);
			defaultConfigurationIsVisible = 0;
			defaultConfigurationName = Release;
		};
/* End XCConfigurationList section */
	};
	rootObject = 832718F11BC1279100C28426 /* Project object */;
}
